// !$*UTF8*$!
{
	archiveVersion = 1;
	classes = {
	};
	objectVersion = 56;
	objects = {

/* Begin PBXBuildFile section */
		DA065A3829CB719F00005833 /* SDWebImage in Frameworks */ = {isa = PBXBuildFile; productRef = DA065A3729CB719F00005833 /* SDWebImage */; };
		DA065A3B29CB775000005833 /* FooterView.swift in Sources */ = {isa = PBXBuildFile; fileRef = DA065A3A29CB775000005833 /* FooterView.swift */; };
		DA50D81A29C8E61D00A4C6DE /* AppDelegate.swift in Sources */ = {isa = PBXBuildFile; fileRef = DA50D81929C8E61D00A4C6DE /* AppDelegate.swift */; };
		DA50D81C29C8E61D00A4C6DE /* SceneDelegate.swift in Sources */ = {isa = PBXBuildFile; fileRef = DA50D81B29C8E61D00A4C6DE /* SceneDelegate.swift */; };
		DA50D82129C8E61D00A4C6DE /* Main.storyboard in Resources */ = {isa = PBXBuildFile; fileRef = DA50D81F29C8E61D00A4C6DE /* Main.storyboard */; };
		DA50D82329C8E61F00A4C6DE /* Assets.xcassets in Resources */ = {isa = PBXBuildFile; fileRef = DA50D82229C8E61F00A4C6DE /* Assets.xcassets */; };
		DA50D82629C8E61F00A4C6DE /* LaunchScreen.storyboard in Resources */ = {isa = PBXBuildFile; fileRef = DA50D82429C8E61F00A4C6DE /* LaunchScreen.storyboard */; };
		DA50D82E29C8E69700A4C6DE /* MainTabBarController.swift in Sources */ = {isa = PBXBuildFile; fileRef = DA50D82D29C8E69700A4C6DE /* MainTabBarController.swift */; };
		DACB1CD429CC4D950035E3AB /* TrackDetailView.xib in Resources */ = {isa = PBXBuildFile; fileRef = DACB1CD329CC4D950035E3AB /* TrackDetailView.xib */; };
		DACB1CD629CC4DA00035E3AB /* TrackDetailView.swift in Sources */ = {isa = PBXBuildFile; fileRef = DACB1CD529CC4DA00035E3AB /* TrackDetailView.swift */; };
		DAD4B8A829D7025600EB3446 /* Library.swift in Sources */ = {isa = PBXBuildFile; fileRef = DAD4B8A729D7025600EB3446 /* Library.swift */; };
		DAD4B8AA29D7540200EB3446 /* UserDefaults.swift in Sources */ = {isa = PBXBuildFile; fileRef = DAD4B8A929D7540200EB3446 /* UserDefaults.swift */; };
		DAD4B8AD29D75FA100EB3446 /* URLImage in Frameworks */ = {isa = PBXBuildFile; productRef = DAD4B8AC29D75FA100EB3446 /* URLImage */; };
		DAF0719D29D437EF0093CD21 /* CMTime + Extention.swift in Sources */ = {isa = PBXBuildFile; fileRef = DAF0719C29D437EF0093CD21 /* CMTime + Extention.swift */; };
		DAF0719F29D46C540093CD21 /* Nib.swift in Sources */ = {isa = PBXBuildFile; fileRef = DAF0719E29D46C540093CD21 /* Nib.swift */; };
		DAFA9D0D29CB007A00324245 /* Alamofire in Frameworks */ = {isa = PBXBuildFile; productRef = DAFA9D0C29CB007A00324245 /* Alamofire */; };
		DAFA9D0F29CB053300324245 /* SearchResponse.swift in Sources */ = {isa = PBXBuildFile; fileRef = DAFA9D0E29CB053300324245 /* SearchResponse.swift */; };
		DAFA9D1129CB11BA00324245 /* NetworkService.swift in Sources */ = {isa = PBXBuildFile; fileRef = DAFA9D1029CB11BA00324245 /* NetworkService.swift */; };
		DAFA9D3729CB18C400324245 /* SearchPresenter.swift in Sources */ = {isa = PBXBuildFile; fileRef = DAFA9D3029CB18C400324245 /* SearchPresenter.swift */; };
		DAFA9D3829CB18C400324245 /* SearchWorker.swift in Sources */ = {isa = PBXBuildFile; fileRef = DAFA9D3129CB18C400324245 /* SearchWorker.swift */; };
		DAFA9D3A29CB18C400324245 /* SearchModels.swift in Sources */ = {isa = PBXBuildFile; fileRef = DAFA9D3329CB18C400324245 /* SearchModels.swift */; };
		DAFA9D3B29CB18C400324245 /* SearchViewController.swift in Sources */ = {isa = PBXBuildFile; fileRef = DAFA9D3429CB18C400324245 /* SearchViewController.swift */; };
		DAFA9D3C29CB18C400324245 /* SearchInteractor.swift in Sources */ = {isa = PBXBuildFile; fileRef = DAFA9D3529CB18C400324245 /* SearchInteractor.swift */; };
		DAFA9D3F29CB21D400324245 /* SearchViewController.storyboard in Resources */ = {isa = PBXBuildFile; fileRef = DAFA9D3E29CB21D400324245 /* SearchViewController.storyboard */; };
		DAFA9D4129CB253D00324245 /* UIViewController + Storyboard.swift in Sources */ = {isa = PBXBuildFile; fileRef = DAFA9D4029CB253D00324245 /* UIViewController + Storyboard.swift */; };
		DAFA9D4629CB348D00324245 /* TrackCell.xib in Resources */ = {isa = PBXBuildFile; fileRef = DAFA9D4529CB348D00324245 /* TrackCell.xib */; };
		DAFA9D4829CB34BC00324245 /* TrackCell.swift in Sources */ = {isa = PBXBuildFile; fileRef = DAFA9D4729CB34BC00324245 /* TrackCell.swift */; };
/* End PBXBuildFile section */

/* Begin PBXFileReference section */
		DA065A3A29CB775000005833 /* FooterView.swift */ = {isa = PBXFileReference; lastKnownFileType = sourcecode.swift; path = FooterView.swift; sourceTree = "<group>"; };
		DA50D81629C8E61D00A4C6DE /* MyMusic.app */ = {isa = PBXFileReference; explicitFileType = wrapper.application; includeInIndex = 0; path = MyMusic.app; sourceTree = BUILT_PRODUCTS_DIR; };
		DA50D81929C8E61D00A4C6DE /* AppDelegate.swift */ = {isa = PBXFileReference; lastKnownFileType = sourcecode.swift; path = AppDelegate.swift; sourceTree = "<group>"; };
		DA50D81B29C8E61D00A4C6DE /* SceneDelegate.swift */ = {isa = PBXFileReference; lastKnownFileType = sourcecode.swift; path = SceneDelegate.swift; sourceTree = "<group>"; };
		DA50D82029C8E61D00A4C6DE /* Base */ = {isa = PBXFileReference; lastKnownFileType = file.storyboard; name = Base; path = Base.lproj/Main.storyboard; sourceTree = "<group>"; };
		DA50D82229C8E61F00A4C6DE /* Assets.xcassets */ = {isa = PBXFileReference; lastKnownFileType = folder.assetcatalog; path = Assets.xcassets; sourceTree = "<group>"; };
		DA50D82529C8E61F00A4C6DE /* Base */ = {isa = PBXFileReference; lastKnownFileType = file.storyboard; name = Base; path = Base.lproj/LaunchScreen.storyboard; sourceTree = "<group>"; };
		DA50D82729C8E61F00A4C6DE /* Info.plist */ = {isa = PBXFileReference; lastKnownFileType = text.plist.xml; path = Info.plist; sourceTree = "<group>"; };
		DA50D82D29C8E69700A4C6DE /* MainTabBarController.swift */ = {isa = PBXFileReference; lastKnownFileType = sourcecode.swift; path = MainTabBarController.swift; sourceTree = "<group>"; };
		DACB1CD329CC4D950035E3AB /* TrackDetailView.xib */ = {isa = PBXFileReference; lastKnownFileType = file.xib; path = TrackDetailView.xib; sourceTree = "<group>"; };
		DACB1CD529CC4DA00035E3AB /* TrackDetailView.swift */ = {isa = PBXFileReference; lastKnownFileType = sourcecode.swift; path = TrackDetailView.swift; sourceTree = "<group>"; };
		DAD4B8A729D7025600EB3446 /* Library.swift */ = {isa = PBXFileReference; lastKnownFileType = sourcecode.swift; path = Library.swift; sourceTree = "<group>"; };
		DAD4B8A929D7540200EB3446 /* UserDefaults.swift */ = {isa = PBXFileReference; lastKnownFileType = sourcecode.swift; path = UserDefaults.swift; sourceTree = "<group>"; };
		DAF0719C29D437EF0093CD21 /* CMTime + Extention.swift */ = {isa = PBXFileReference; lastKnownFileType = sourcecode.swift; path = "CMTime + Extention.swift"; sourceTree = "<group>"; };
		DAF0719E29D46C540093CD21 /* Nib.swift */ = {isa = PBXFileReference; lastKnownFileType = sourcecode.swift; path = Nib.swift; sourceTree = "<group>"; };
		DAFA9D0E29CB053300324245 /* SearchResponse.swift */ = {isa = PBXFileReference; lastKnownFileType = sourcecode.swift; path = SearchResponse.swift; sourceTree = "<group>"; };
		DAFA9D1029CB11BA00324245 /* NetworkService.swift */ = {isa = PBXFileReference; lastKnownFileType = sourcecode.swift; path = NetworkService.swift; sourceTree = "<group>"; };
		DAFA9D3029CB18C400324245 /* SearchPresenter.swift */ = {isa = PBXFileReference; lastKnownFileType = sourcecode.swift; path = SearchPresenter.swift; sourceTree = "<group>"; };
		DAFA9D3129CB18C400324245 /* SearchWorker.swift */ = {isa = PBXFileReference; lastKnownFileType = sourcecode.swift; path = SearchWorker.swift; sourceTree = "<group>"; };
		DAFA9D3329CB18C400324245 /* SearchModels.swift */ = {isa = PBXFileReference; lastKnownFileType = sourcecode.swift; path = SearchModels.swift; sourceTree = "<group>"; };
		DAFA9D3429CB18C400324245 /* SearchViewController.swift */ = {isa = PBXFileReference; lastKnownFileType = sourcecode.swift; path = SearchViewController.swift; sourceTree = "<group>"; };
		DAFA9D3529CB18C400324245 /* SearchInteractor.swift */ = {isa = PBXFileReference; lastKnownFileType = sourcecode.swift; path = SearchInteractor.swift; sourceTree = "<group>"; };
		DAFA9D3E29CB21D400324245 /* SearchViewController.storyboard */ = {isa = PBXFileReference; lastKnownFileType = file.storyboard; path = SearchViewController.storyboard; sourceTree = "<group>"; };
		DAFA9D4029CB253D00324245 /* UIViewController + Storyboard.swift */ = {isa = PBXFileReference; lastKnownFileType = sourcecode.swift; path = "UIViewController + Storyboard.swift"; sourceTree = "<group>"; };
		DAFA9D4529CB348D00324245 /* TrackCell.xib */ = {isa = PBXFileReference; lastKnownFileType = file.xib; path = TrackCell.xib; sourceTree = "<group>"; };
		DAFA9D4729CB34BC00324245 /* TrackCell.swift */ = {isa = PBXFileReference; lastKnownFileType = sourcecode.swift; path = TrackCell.swift; sourceTree = "<group>"; };
/* End PBXFileReference section */

/* Begin PBXFrameworksBuildPhase section */
		DA50D81329C8E61D00A4C6DE /* Frameworks */ = {
			isa = PBXFrameworksBuildPhase;
			buildActionMask = 2147483647;
			files = (
				DA065A3829CB719F00005833 /* SDWebImage in Frameworks */,
				DAD4B8AD29D75FA100EB3446 /* URLImage in Frameworks */,
				DAFA9D0D29CB007A00324245 /* Alamofire in Frameworks */,
			);
			runOnlyForDeploymentPostprocessing = 0;
		};
/* End PBXFrameworksBuildPhase section */

/* Begin PBXGroup section */
		DA065A3529CB6A2200005833 /* Models */ = {
			isa = PBXGroup;
			children = (
				DAFA9D0E29CB053300324245 /* SearchResponse.swift */,
			);
			path = Models;
			sourceTree = "<group>";
		};
		DA065A3929CB773900005833 /* FooterView */ = {
			isa = PBXGroup;
			children = (
				DA065A3A29CB775000005833 /* FooterView.swift */,
			);
			path = FooterView;
			sourceTree = "<group>";
		};
		DA50D80D29C8E61D00A4C6DE = {
			isa = PBXGroup;
			children = (
				DA50D81829C8E61D00A4C6DE /* MyMusic */,
				DA50D81729C8E61D00A4C6DE /* Products */,
			);
			sourceTree = "<group>";
		};
		DA50D81729C8E61D00A4C6DE /* Products */ = {
			isa = PBXGroup;
			children = (
				DA50D81629C8E61D00A4C6DE /* MyMusic.app */,
			);
			name = Products;
			sourceTree = "<group>";
		};
		DA50D81829C8E61D00A4C6DE /* MyMusic */ = {
			isa = PBXGroup;
			children = (
				DA74CC8129DAF3F800903175 /* App */,
				DA065A3529CB6A2200005833 /* Models */,
				DAFA9D2129CB182800324245 /* Services */,
				DA50D82D29C8E69700A4C6DE /* MainTabBarController.swift */,
				DAD4B8A729D7025600EB3446 /* Library.swift */,
				DAFA9D1229CB174C00324245 /* Search */,
				DAFA9D4229CB254700324245 /* Helpers */,
				DA74CC8229DAF46300903175 /* Storyboards */,
				DA74CC8329DAF47700903175 /* Resources */,
			);
			path = MyMusic;
			sourceTree = "<group>";
		};
		DA74CC8129DAF3F800903175 /* App */ = {
			isa = PBXGroup;
			children = (
				DA50D81929C8E61D00A4C6DE /* AppDelegate.swift */,
				DA50D81B29C8E61D00A4C6DE /* SceneDelegate.swift */,
				DA50D82729C8E61F00A4C6DE /* Info.plist */,
			);
			path = App;
			sourceTree = "<group>";
		};
		DA74CC8229DAF46300903175 /* Storyboards */ = {
			isa = PBXGroup;
			children = (
				DA50D81F29C8E61D00A4C6DE /* Main.storyboard */,
				DA50D82429C8E61F00A4C6DE /* LaunchScreen.storyboard */,
			);
			path = Storyboards;
			sourceTree = "<group>";
		};
		DA74CC8329DAF47700903175 /* Resources */ = {
			isa = PBXGroup;
			children = (
				DA50D82229C8E61F00A4C6DE /* Assets.xcassets */,
			);
			path = Resources;
			sourceTree = "<group>";
		};
		DACB1CD229CC4D710035E3AB /* TrackDetailView */ = {
			isa = PBXGroup;
			children = (
				DACB1CD329CC4D950035E3AB /* TrackDetailView.xib */,
				DACB1CD529CC4DA00035E3AB /* TrackDetailView.swift */,
			);
			path = TrackDetailView;
			sourceTree = "<group>";
		};
		DAFA9D1229CB174C00324245 /* Search */ = {
			isa = PBXGroup;
			children = (
				DACB1CD229CC4D710035E3AB /* TrackDetailView */,
				DA065A3929CB773900005833 /* FooterView */,
				DAFA9D4429CB345800324245 /* Cell */,
				DAFA9D3E29CB21D400324245 /* SearchViewController.storyboard */,
				DAFA9D3429CB18C400324245 /* SearchViewController.swift */,
				DAFA9D3529CB18C400324245 /* SearchInteractor.swift */,
				DAFA9D3029CB18C400324245 /* SearchPresenter.swift */,
				DAFA9D3329CB18C400324245 /* SearchModels.swift */,
				DAFA9D3129CB18C400324245 /* SearchWorker.swift */,
			);
			path = Search;
			sourceTree = "<group>";
		};
		DAFA9D2129CB182800324245 /* Services */ = {
			isa = PBXGroup;
			children = (
				DAFA9D1029CB11BA00324245 /* NetworkService.swift */,
			);
			path = Services;
			sourceTree = "<group>";
		};
		DAFA9D4229CB254700324245 /* Helpers */ = {
			isa = PBXGroup;
			children = (
				DAFA9D4029CB253D00324245 /* UIViewController + Storyboard.swift */,
				DAF0719C29D437EF0093CD21 /* CMTime + Extention.swift */,
				DAF0719E29D46C540093CD21 /* Nib.swift */,
			);
			path = Helpers;
			sourceTree = "<group>";
		};
		DAFA9D4429CB345800324245 /* Cell */ = {
			isa = PBXGroup;
			children = (
				DAFA9D4529CB348D00324245 /* TrackCell.xib */,
				DAFA9D4729CB34BC00324245 /* TrackCell.swift */,
				DAD4B8A929D7540200EB3446 /* UserDefaults.swift */,
			);
			path = Cell;
			sourceTree = "<group>";
		};
/* End PBXGroup section */

/* Begin PBXNativeTarget section */
		DA50D81529C8E61D00A4C6DE /* MyMusic */ = {
			isa = PBXNativeTarget;
			buildConfigurationList = DA50D82A29C8E61F00A4C6DE /* Build configuration list for PBXNativeTarget "MyMusic" */;
			buildPhases = (
				DA50D81229C8E61D00A4C6DE /* Sources */,
				DA50D81329C8E61D00A4C6DE /* Frameworks */,
				DA50D81429C8E61D00A4C6DE /* Resources */,
			);
			buildRules = (
			);
			dependencies = (
			);
			name = MyMusic;
			packageProductDependencies = (
				DAFA9D0C29CB007A00324245 /* Alamofire */,
				DA065A3729CB719F00005833 /* SDWebImage */,
				DAD4B8AC29D75FA100EB3446 /* URLImage */,
			);
			productName = MyMusic;
			productReference = DA50D81629C8E61D00A4C6DE /* MyMusic.app */;
			productType = "com.apple.product-type.application";
		};
/* End PBXNativeTarget section */

/* Begin PBXProject section */
		DA50D80E29C8E61D00A4C6DE /* Project object */ = {
			isa = PBXProject;
			attributes = {
				BuildIndependentTargetsInParallel = 1;
				LastSwiftUpdateCheck = 1420;
				LastUpgradeCheck = 1420;
				TargetAttributes = {
					DA50D81529C8E61D00A4C6DE = {
						CreatedOnToolsVersion = 14.2;
					};
				};
			};
			buildConfigurationList = DA50D81129C8E61D00A4C6DE /* Build configuration list for PBXProject "MyMusic" */;
			compatibilityVersion = "Xcode 14.0";
			developmentRegion = en;
			hasScannedForEncodings = 0;
			knownRegions = (
				en,
				Base,
			);
			mainGroup = DA50D80D29C8E61D00A4C6DE;
			packageReferences = (
				DAFA9D0B29CB007A00324245 /* XCRemoteSwiftPackageReference "Alamofire" */,
				DA065A3629CB719F00005833 /* XCRemoteSwiftPackageReference "SDWebImage" */,
				DAD4B8AB29D75FA100EB3446 /* XCRemoteSwiftPackageReference "url-image" */,
			);
			productRefGroup = DA50D81729C8E61D00A4C6DE /* Products */;
			projectDirPath = "";
			projectRoot = "";
			targets = (
				DA50D81529C8E61D00A4C6DE /* MyMusic */,
			);
		};
/* End PBXProject section */

/* Begin PBXResourcesBuildPhase section */
		DA50D81429C8E61D00A4C6DE /* Resources */ = {
			isa = PBXResourcesBuildPhase;
			buildActionMask = 2147483647;
			files = (
				DA50D82629C8E61F00A4C6DE /* LaunchScreen.storyboard in Resources */,
				DACB1CD429CC4D950035E3AB /* TrackDetailView.xib in Resources */,
				DAFA9D4629CB348D00324245 /* TrackCell.xib in Resources */,
				DA50D82329C8E61F00A4C6DE /* Assets.xcassets in Resources */,
				DAFA9D3F29CB21D400324245 /* SearchViewController.storyboard in Resources */,
				DA50D82129C8E61D00A4C6DE /* Main.storyboard in Resources */,
			);
			runOnlyForDeploymentPostprocessing = 0;
		};
/* End PBXResourcesBuildPhase section */

/* Begin PBXSourcesBuildPhase section */
		DA50D81229C8E61D00A4C6DE /* Sources */ = {
			isa = PBXSourcesBuildPhase;
			buildActionMask = 2147483647;
			files = (
				DAFA9D4129CB253D00324245 /* UIViewController + Storyboard.swift in Sources */,
				DAFA9D0F29CB053300324245 /* SearchResponse.swift in Sources */,
				DAFA9D3C29CB18C400324245 /* SearchInteractor.swift in Sources */,
				DAD4B8AA29D7540200EB3446 /* UserDefaults.swift in Sources */,
				DA065A3B29CB775000005833 /* FooterView.swift in Sources */,
				DAFA9D4829CB34BC00324245 /* TrackCell.swift in Sources */,
				DA50D81A29C8E61D00A4C6DE /* AppDelegate.swift in Sources */,
				DAF0719F29D46C540093CD21 /* Nib.swift in Sources */,
				DA50D82E29C8E69700A4C6DE /* MainTabBarController.swift in Sources */,
				DAFA9D3829CB18C400324245 /* SearchWorker.swift in Sources */,
				DAFA9D3B29CB18C400324245 /* SearchViewController.swift in Sources */,
				DAFA9D3A29CB18C400324245 /* SearchModels.swift in Sources */,
				DAF0719D29D437EF0093CD21 /* CMTime + Extention.swift in Sources */,
				DA50D81C29C8E61D00A4C6DE /* SceneDelegate.swift in Sources */,
				DAFA9D3729CB18C400324245 /* SearchPresenter.swift in Sources */,
				DAD4B8A829D7025600EB3446 /* Library.swift in Sources */,
				DACB1CD629CC4DA00035E3AB /* TrackDetailView.swift in Sources */,
				DAFA9D1129CB11BA00324245 /* NetworkService.swift in Sources */,
			);
			runOnlyForDeploymentPostprocessing = 0;
		};
/* End PBXSourcesBuildPhase section */

/* Begin PBXVariantGroup section */
		DA50D81F29C8E61D00A4C6DE /* Main.storyboard */ = {
			isa = PBXVariantGroup;
			children = (
				DA50D82029C8E61D00A4C6DE /* Base */,
			);
			name = Main.storyboard;
			sourceTree = "<group>";
		};
		DA50D82429C8E61F00A4C6DE /* LaunchScreen.storyboard */ = {
			isa = PBXVariantGroup;
			children = (
				DA50D82529C8E61F00A4C6DE /* Base */,
			);
			name = LaunchScreen.storyboard;
			sourceTree = "<group>";
		};
/* End PBXVariantGroup section */

/* Begin XCBuildConfiguration section */
		DA50D82829C8E61F00A4C6DE /* Debug */ = {
			isa = XCBuildConfiguration;
			buildSettings = {
				ALWAYS_SEARCH_USER_PATHS = NO;
				CLANG_ANALYZER_NONNULL = YES;
				CLANG_ANALYZER_NUMBER_OBJECT_CONVERSION = YES_AGGRESSIVE;
				CLANG_CXX_LANGUAGE_STANDARD = "gnu++20";
				CLANG_ENABLE_MODULES = YES;
				CLANG_ENABLE_OBJC_ARC = YES;
				CLANG_ENABLE_OBJC_WEAK = YES;
				CLANG_WARN_BLOCK_CAPTURE_AUTORELEASING = YES;
				CLANG_WARN_BOOL_CONVERSION = YES;
				CLANG_WARN_COMMA = YES;
				CLANG_WARN_CONSTANT_CONVERSION = YES;
				CLANG_WARN_DEPRECATED_OBJC_IMPLEMENTATIONS = YES;
				CLANG_WARN_DIRECT_OBJC_ISA_USAGE = YES_ERROR;
				CLANG_WARN_DOCUMENTATION_COMMENTS = YES;
				CLANG_WARN_EMPTY_BODY = YES;
				CLANG_WARN_ENUM_CONVERSION = YES;
				CLANG_WARN_INFINITE_RECURSION = YES;
				CLANG_WARN_INT_CONVERSION = YES;
				CLANG_WARN_NON_LITERAL_NULL_CONVERSION = YES;
				CLANG_WARN_OBJC_IMPLICIT_RETAIN_SELF = YES;
				CLANG_WARN_OBJC_LITERAL_CONVERSION = YES;
				CLANG_WARN_OBJC_ROOT_CLASS = YES_ERROR;
				CLANG_WARN_QUOTED_INCLUDE_IN_FRAMEWORK_HEADER = YES;
				CLANG_WARN_RANGE_LOOP_ANALYSIS = YES;
				CLANG_WARN_STRICT_PROTOTYPES = YES;
				CLANG_WARN_SUSPICIOUS_MOVE = YES;
				CLANG_WARN_UNGUARDED_AVAILABILITY = YES_AGGRESSIVE;
				CLANG_WARN_UNREACHABLE_CODE = YES;
				CLANG_WARN__DUPLICATE_METHOD_MATCH = YES;
				COPY_PHASE_STRIP = NO;
				DEBUG_INFORMATION_FORMAT = dwarf;
				ENABLE_STRICT_OBJC_MSGSEND = YES;
				ENABLE_TESTABILITY = YES;
				GCC_C_LANGUAGE_STANDARD = gnu11;
				GCC_DYNAMIC_NO_PIC = NO;
				GCC_NO_COMMON_BLOCKS = YES;
				GCC_OPTIMIZATION_LEVEL = 0;
				GCC_PREPROCESSOR_DEFINITIONS = (
					"DEBUG=1",
					"$(inherited)",
				);
				GCC_WARN_64_TO_32_BIT_CONVERSION = YES;
				GCC_WARN_ABOUT_RETURN_TYPE = YES_ERROR;
				GCC_WARN_UNDECLARED_SELECTOR = YES;
				GCC_WARN_UNINITIALIZED_AUTOS = YES_AGGRESSIVE;
				GCC_WARN_UNUSED_FUNCTION = YES;
				GCC_WARN_UNUSED_VARIABLE = YES;
				IPHONEOS_DEPLOYMENT_TARGET = 16.2;
				MTL_ENABLE_DEBUG_INFO = INCLUDE_SOURCE;
				MTL_FAST_MATH = YES;
				ONLY_ACTIVE_ARCH = YES;
				SDKROOT = iphoneos;
				SWIFT_ACTIVE_COMPILATION_CONDITIONS = DEBUG;
				SWIFT_OPTIMIZATION_LEVEL = "-Onone";
			};
			name = Debug;
		};
		DA50D82929C8E61F00A4C6DE /* Release */ = {
			isa = XCBuildConfiguration;
			buildSettings = {
				ALWAYS_SEARCH_USER_PATHS = NO;
				CLANG_ANALYZER_NONNULL = YES;
				CLANG_ANALYZER_NUMBER_OBJECT_CONVERSION = YES_AGGRESSIVE;
				CLANG_CXX_LANGUAGE_STANDARD = "gnu++20";
				CLANG_ENABLE_MODULES = YES;
				CLANG_ENABLE_OBJC_ARC = YES;
				CLANG_ENABLE_OBJC_WEAK = YES;
				CLANG_WARN_BLOCK_CAPTURE_AUTORELEASING = YES;
				CLANG_WARN_BOOL_CONVERSION = YES;
				CLANG_WARN_COMMA = YES;
				CLANG_WARN_CONSTANT_CONVERSION = YES;
				CLANG_WARN_DEPRECATED_OBJC_IMPLEMENTATIONS = YES;
				CLANG_WARN_DIRECT_OBJC_ISA_USAGE = YES_ERROR;
				CLANG_WARN_DOCUMENTATION_COMMENTS = YES;
				CLANG_WARN_EMPTY_BODY = YES;
				CLANG_WARN_ENUM_CONVERSION = YES;
				CLANG_WARN_INFINITE_RECURSION = YES;
				CLANG_WARN_INT_CONVERSION = YES;
				CLANG_WARN_NON_LITERAL_NULL_CONVERSION = YES;
				CLANG_WARN_OBJC_IMPLICIT_RETAIN_SELF = YES;
				CLANG_WARN_OBJC_LITERAL_CONVERSION = YES;
				CLANG_WARN_OBJC_ROOT_CLASS = YES_ERROR;
				CLANG_WARN_QUOTED_INCLUDE_IN_FRAMEWORK_HEADER = YES;
				CLANG_WARN_RANGE_LOOP_ANALYSIS = YES;
				CLANG_WARN_STRICT_PROTOTYPES = YES;
				CLANG_WARN_SUSPICIOUS_MOVE = YES;
				CLANG_WARN_UNGUARDED_AVAILABILITY = YES_AGGRESSIVE;
				CLANG_WARN_UNREACHABLE_CODE = YES;
				CLANG_WARN__DUPLICATE_METHOD_MATCH = YES;
				COPY_PHASE_STRIP = NO;
				DEBUG_INFORMATION_FORMAT = "dwarf-with-dsym";
				ENABLE_NS_ASSERTIONS = NO;
				ENABLE_STRICT_OBJC_MSGSEND = YES;
				GCC_C_LANGUAGE_STANDARD = gnu11;
				GCC_NO_COMMON_BLOCKS = YES;
				GCC_WARN_64_TO_32_BIT_CONVERSION = YES;
				GCC_WARN_ABOUT_RETURN_TYPE = YES_ERROR;
				GCC_WARN_UNDECLARED_SELECTOR = YES;
				GCC_WARN_UNINITIALIZED_AUTOS = YES_AGGRESSIVE;
				GCC_WARN_UNUSED_FUNCTION = YES;
				GCC_WARN_UNUSED_VARIABLE = YES;
				IPHONEOS_DEPLOYMENT_TARGET = 16.2;
				MTL_ENABLE_DEBUG_INFO = NO;
				MTL_FAST_MATH = YES;
				SDKROOT = iphoneos;
				SWIFT_COMPILATION_MODE = wholemodule;
				SWIFT_OPTIMIZATION_LEVEL = "-O";
				VALIDATE_PRODUCT = YES;
			};
			name = Release;
		};
		DA50D82B29C8E61F00A4C6DE /* Debug */ = {
			isa = XCBuildConfiguration;
			buildSettings = {
				ASSETCATALOG_COMPILER_APPICON_NAME = AppIcon;
				ASSETCATALOG_COMPILER_GLOBAL_ACCENT_COLOR_NAME = AccentColor;
				CODE_SIGN_STYLE = Automatic;
				CURRENT_PROJECT_VERSION = 1;
				DEVELOPMENT_TEAM = 9M963S5SV4;
				GENERATE_INFOPLIST_FILE = YES;
				INFOPLIST_FILE = MyMusic/App/Info.plist;
				INFOPLIST_KEY_UIApplicationSupportsIndirectInputEvents = YES;
				INFOPLIST_KEY_UILaunchStoryboardName = LaunchScreen;
				INFOPLIST_KEY_UIMainStoryboardFile = Main;
				INFOPLIST_KEY_UISupportedInterfaceOrientations = UIInterfaceOrientationPortrait;
				INFOPLIST_KEY_UISupportedInterfaceOrientations_iPad = "UIInterfaceOrientationLandscapeLeft UIInterfaceOrientationLandscapeRight UIInterfaceOrientationPortrait UIInterfaceOrientationPortraitUpsideDown";
				IPHONEOS_DEPLOYMENT_TARGET = 15.0;
				LD_RUNPATH_SEARCH_PATHS = (
					"$(inherited)",
					"@executable_path/Frameworks",
				);
				MARKETING_VERSION = 1.0;
				PRODUCT_BUNDLE_IDENTIFIER = "Nikita-Chekan.MyMusic";
				PRODUCT_NAME = "$(TARGET_NAME)";
				SUPPORTED_PLATFORMS = "iphoneos iphonesimulator";
				SUPPORTS_MACCATALYST = NO;
				SUPPORTS_MAC_DESIGNED_FOR_IPHONE_IPAD = NO;
				SWIFT_EMIT_LOC_STRINGS = YES;
				SWIFT_VERSION = 5.0;
				TARGETED_DEVICE_FAMILY = 1;
			};
			name = Debug;
		};
		DA50D82C29C8E61F00A4C6DE /* Release */ = {
			isa = XCBuildConfiguration;
			buildSettings = {
				ASSETCATALOG_COMPILER_APPICON_NAME = AppIcon;
				ASSETCATALOG_COMPILER_GLOBAL_ACCENT_COLOR_NAME = AccentColor;
				CODE_SIGN_STYLE = Automatic;
				CURRENT_PROJECT_VERSION = 1;
				DEVELOPMENT_TEAM = 9M963S5SV4;
				GENERATE_INFOPLIST_FILE = YES;
				INFOPLIST_FILE = MyMusic/App/Info.plist;
				INFOPLIST_KEY_UIApplicationSupportsIndirectInputEvents = YES;
				INFOPLIST_KEY_UILaunchStoryboardName = LaunchScreen;
				INFOPLIST_KEY_UIMainStoryboardFile = Main;
				INFOPLIST_KEY_UISupportedInterfaceOrientations = UIInterfaceOrientationPortrait;
				INFOPLIST_KEY_UISupportedInterfaceOrientations_iPad = "UIInterfaceOrientationLandscapeLeft UIInterfaceOrientationLandscapeRight UIInterfaceOrientationPortrait UIInterfaceOrientationPortraitUpsideDown";
				IPHONEOS_DEPLOYMENT_TARGET = 15.0;
				LD_RUNPATH_SEARCH_PATHS = (
					"$(inherited)",
					"@executable_path/Frameworks",
				);
				MARKETING_VERSION = 1.0;
				PRODUCT_BUNDLE_IDENTIFIER = "Nikita-Chekan.MyMusic";
				PRODUCT_NAME = "$(TARGET_NAME)";
				SUPPORTED_PLATFORMS = "iphoneos iphonesimulator";
				SUPPORTS_MACCATALYST = NO;
				SUPPORTS_MAC_DESIGNED_FOR_IPHONE_IPAD = NO;
				SWIFT_EMIT_LOC_STRINGS = YES;
				SWIFT_VERSION = 5.0;
				TARGETED_DEVICE_FAMILY = 1;
			};
			name = Release;
		};
/* End XCBuildConfiguration section */

/* Begin XCConfigurationList section */
		DA50D81129C8E61D00A4C6DE /* Build configuration list for PBXProject "MyMusic" */ = {
			isa = XCConfigurationList;
			buildConfigurations = (
				DA50D82829C8E61F00A4C6DE /* Debug */,
				DA50D82929C8E61F00A4C6DE /* Release */,
			);
			defaultConfigurationIsVisible = 0;
			defaultConfigurationName = Release;
		};
		DA50D82A29C8E61F00A4C6DE /* Build configuration list for PBXNativeTarget "MyMusic" */ = {
			isa = XCConfigurationList;
			buildConfigurations = (
				DA50D82B29C8E61F00A4C6DE /* Debug */,
				DA50D82C29C8E61F00A4C6DE /* Release */,
			);
			defaultConfigurationIsVisible = 0;
			defaultConfigurationName = Release;
		};
/* End XCConfigurationList section */

/* Begin XCRemoteSwiftPackageReference section */
		DA065A3629CB719F00005833 /* XCRemoteSwiftPackageReference "SDWebImage" */ = {
			isa = XCRemoteSwiftPackageReference;
			repositoryURL = "https://github.com/SDWebImage/SDWebImage.git";
			requirement = {
				kind = upToNextMajorVersion;
				minimumVersion = 5.0.0;
			};
		};
		DAD4B8AB29D75FA100EB3446 /* XCRemoteSwiftPackageReference "url-image" */ = {
			isa = XCRemoteSwiftPackageReference;
			repositoryURL = "https://github.com/dmytro-anokhin/url-image.git";
			requirement = {
				kind = upToNextMajorVersion;
				minimumVersion = 3.0.0;
			};
		};
		DAFA9D0B29CB007A00324245 /* XCRemoteSwiftPackageReference "Alamofire" */ = {
			isa = XCRemoteSwiftPackageReference;
			repositoryURL = "https://github.com/Alamofire/Alamofire.git";
			requirement = {
				branch = master;
				kind = branch;
			};
		};
/* End XCRemoteSwiftPackageReference section */

/* Begin XCSwiftPackageProductDependency section */
		DA065A3729CB719F00005833 /* SDWebImage */ = {
			isa = XCSwiftPackageProductDependency;
			package = DA065A3629CB719F00005833 /* XCRemoteSwiftPackageReference "SDWebImage" */;
			productName = SDWebImage;
		};
		DAD4B8AC29D75FA100EB3446 /* URLImage */ = {
			isa = XCSwiftPackageProductDependency;
			package = DAD4B8AB29D75FA100EB3446 /* XCRemoteSwiftPackageReference "url-image" */;
			productName = URLImage;
		};
		DAFA9D0C29CB007A00324245 /* Alamofire */ = {
			isa = XCSwiftPackageProductDependency;
			package = DAFA9D0B29CB007A00324245 /* XCRemoteSwiftPackageReference "Alamofire" */;
			productName = Alamofire;
		};
/* End XCSwiftPackageProductDependency section */
	};
	rootObject = DA50D80E29C8E61D00A4C6DE /* Project object */;
}
